
Microsoft Visual Studio Solution File, Format Version 12.00
# Visual Studio Version 17
VisualStudioVersion = 17.8.34511.84
MinimumVisualStudioVersion = 10.0.40219.1
Project("{FAE04EC0-301F-11D3-BF4B-00C04F79EFBC}") = "TalentStreamMVC", "TalentStreamMVC\TalentStreamMVC.csproj", "{9139C91D-6F8B-49E5-8127-5263B66003A6}"
EndProject
Global
	GlobalSection(SolutionConfigurationPlatforms) = preSolution
		Debug|Any CPU = Debug|Any CPU
		Release|Any CPU = Release|Any CPU
	EndGlobalSection
	GlobalSection(ProjectConfigurationPlatforms) = postSolution
		{9139C91D-6F8B-49E5-8127-5263B66003A6}.Debug|Any CPU.ActiveCfg = Debug|Any CPU
		{9139C91D-6F8B-49E5-8127-5263B66003A6}.Debug|Any CPU.Build.0 = Debug|Any CPU
		{9139C91D-6F8B-49E5-8127-5263B66003A6}.Release|Any CPU.ActiveCfg = Release|Any CPU
		{9139C91D-6F8B-49E5-8127-5263B66003A6}.Release|Any CPU.Build.0 = Release|Any CPU
	EndGlobalSection
	GlobalSection(SolutionProperties) = preSolution
		HideSolutionNode = FALSE
	EndGlobalSection
	GlobalSection(ExtensibilityGlobals) = postSolution
		SolutionGuid = {70E5D320-6988-49EA-9CDF-B85E5383E1C0}
	EndGlobalSection
EndGlobal
